<?xml version="1.0" encoding="utf-8"?>
<Project ToolsVersion="4.0" xmlns="http://schemas.microsoft.com/developer/msbuild/2003">
  <ItemGroup>
    <Filter Include="Source Files">
      <UniqueIdentifier>{4FC737F1-C7A5-4376-A066-2A32D752A2FF}</UniqueIdentifier>
      <Extensions>cpp;c;cc;cxx;c++;cppm;ixx;def;odl;idl;hpj;bat;asm;asmx</Extensions>
    </Filter>
    <Filter Include="Header Files">
      <UniqueIdentifier>{93995380-89BD-4b04-88EB-625FBE52EBFB}</UniqueIdentifier>
      <Extensions>h;hh;hpp;hxx;h++;hm;inl;inc;ipp;xsd</Extensions>
    </Filter>
    <Filter Include="Header Files\Component">
      <UniqueIdentifier>{cdf0ef40-e7cd-4994-93fa-f2a8340652dc}</UniqueIdentifier>
    </Filter>
    <Filter Include="Header Files\Content">
      <UniqueIdentifier>{aed60a04-0876-4d9f-9f66-b777f0dc36c2}</UniqueIdentifier>
    </Filter>
    <Filter Include="Header Files\Manager">
      <UniqueIdentifier>{6c9bd622-1f5a-4f69-9347-ca763736e6be}</UniqueIdentifier>
    </Filter>
    <Filter Include="Header Files\Graphics">
      <UniqueIdentifier>{83138965-a8dd-44f8-91e4-8ff5b9aa2dc9}</UniqueIdentifier>
    </Filter>
    <Filter Include="Header Files\Parameter">
      <UniqueIdentifier>{7506d529-0613-437b-9e38-2e67d0c9546a}</UniqueIdentifier>
    </Filter>
    <Filter Include="Source Files\Component">
      <UniqueIdentifier>{70ac5bbc-1cdb-4fdc-91a8-c30a508cdb2b}</UniqueIdentifier>
    </Filter>
    <Filter Include="Source Files\Content">
      <UniqueIdentifier>{5bc6bd8f-c75f-4961-b891-3acf54c30652}</UniqueIdentifier>
    </Filter>
    <Filter Include="Source Files\Manager">
      <UniqueIdentifier>{29fa83df-33ed-44d0-b8dc-4c9f3a3d3681}</UniqueIdentifier>
    </Filter>
    <Filter Include="Source Files\Graphics">
      <UniqueIdentifier>{0ffa9aa3-4cd4-4049-98f8-098c24986dce}</UniqueIdentifier>
    </Filter>
    <Filter Include="Source Files\Parameter">
      <UniqueIdentifier>{59aa1a25-0994-4a6b-bd02-d1a40e7ffb65}</UniqueIdentifier>
    </Filter>
    <Filter Include="Header Files\Input">
      <UniqueIdentifier>{d82d8e86-3b3e-45d0-9c2f-dd6eb37628d4}</UniqueIdentifier>
    </Filter>
    <Filter Include="Source Files\Input">
      <UniqueIdentifier>{d41b9c96-d08c-426f-b5d8-329c94dfb218}</UniqueIdentifier>
    </Filter>
    <Filter Include="Shader">
      <UniqueIdentifier>{4f16f947-c136-4a2e-a1d2-c080056dcd07}</UniqueIdentifier>
    </Filter>
    <Filter Include="Source Files\Content\Pong">
      <UniqueIdentifier>{9362fdd4-52c6-47ad-bb6c-f41f891497e3}</UniqueIdentifier>
    </Filter>
    <Filter Include="Header Files\Content\Pong">
      <UniqueIdentifier>{5488bef4-d4b1-4735-b810-b2a4d0f2e594}</UniqueIdentifier>
    </Filter>
    <Filter Include="Header Files\Content\Platformer">
      <UniqueIdentifier>{9c367eed-33fc-4771-b6e9-d15fca5d437a}</UniqueIdentifier>
    </Filter>
    <Filter Include="Source Files\Content\Platformer">
      <UniqueIdentifier>{3cbf6c6a-d3a6-4500-811b-d37e081b93ba}</UniqueIdentifier>
    </Filter>
    <Filter Include="Header Files\Content\OpenGlTest">
      <UniqueIdentifier>{f48ee19f-8904-4ee0-89a9-a0ddea37e56d}</UniqueIdentifier>
    </Filter>
    <Filter Include="Source Files\Content\OpenGlTest">
      <UniqueIdentifier>{c97100c3-4b0b-4d91-8f0c-796270f0de33}</UniqueIdentifier>
    </Filter>
    <Filter Include="Source Files\Parameter\Vector">
      <UniqueIdentifier>{738cc663-d443-44c1-b22c-1f9026b6f523}</UniqueIdentifier>
    </Filter>
    <Filter Include="Header Files\Parameter\Vector">
      <UniqueIdentifier>{1f497c90-d782-4e39-8e02-4e92c236a875}</UniqueIdentifier>
    </Filter>
    <Filter Include="Header Files\Parameter\Matrix">
      <UniqueIdentifier>{7db81074-62b9-41ce-92cd-d99dd8ed03c2}</UniqueIdentifier>
    </Filter>
    <Filter Include="Source Files\Parameter\Matrix">
      <UniqueIdentifier>{bfc727fc-2fc2-433e-92d6-0eb6acd48c2b}</UniqueIdentifier>
    </Filter>
    <Filter Include="Header Files\Patern">
      <UniqueIdentifier>{cd2f8ca2-ec66-40d6-964b-021b4e21760e}</UniqueIdentifier>
    </Filter>
    <Filter Include="Source Files\Patern">
      <UniqueIdentifier>{1223140a-2734-4722-813a-c15d1d2e70ae}</UniqueIdentifier>
    </Filter>
    <Filter Include="Header Files\Content\Bowling">
      <UniqueIdentifier>{34b86fcc-53ea-42cd-a0e2-90c68890bc44}</UniqueIdentifier>
    </Filter>
    <Filter Include="Source Files\Content\Bowling">
      <UniqueIdentifier>{170676db-52d9-41fb-82b7-054ad73a37e8}</UniqueIdentifier>
    </Filter>
  </ItemGroup>
  <ItemGroup>
    <ClCompile Include="AnimatedSpriteC.cpp">
      <Filter>Source Files\Component</Filter>
    </ClCompile>
    <ClCompile Include="BoxCollider2DC.cpp">
      <Filter>Source Files\Component</Filter>
    </ClCompile>
    <ClCompile Include="MovingC.cpp">
      <Filter>Source Files\Component</Filter>
    </ClCompile>
    <ClCompile Include="SpriteC.cpp">
      <Filter>Source Files\Component</Filter>
    </ClCompile>
    <ClCompile Include="Transform.cpp">
      <Filter>Source Files\Parameter</Filter>
    </ClCompile>
    <ClCompile Include="Texture.cpp">
      <Filter>Source Files\Graphics</Filter>
    </ClCompile>
    <ClCompile Include="Color.cpp">
      <Filter>Source Files\Graphics</Filter>
    </ClCompile>
    <ClCompile Include="Rectangle.cpp">
      <Filter>Source Files\Graphics</Filter>
    </ClCompile>
    <ClCompile Include="InputEvent.cpp">
      <Filter>Source Files\Input</Filter>
    </ClCompile>
    <ClCompile Include="InputManager.cpp">
      <Filter>Source Files\Input</Filter>
    </ClCompile>
    <ClCompile Include="Actor.cpp">
      <Filter>Source Files\Manager</Filter>
    </ClCompile>
    <ClCompile Include="Asset.cpp">
      <Filter>Source Files\Manager</Filter>
    </ClCompile>
    <ClCompile Include="Components.cpp">
      <Filter>Source Files\Manager</Filter>
    </ClCompile>
    <ClCompile Include="Game.cpp">
      <Filter>Source Files\Manager</Filter>
    </ClCompile>
    <ClCompile Include="Log.cpp">
      <Filter>Source Files\Manager</Filter>
    </ClCompile>
    <ClCompile Include="RendererSDL.cpp">
      <Filter>Source Files\Manager</Filter>
    </ClCompile>
    <ClCompile Include="Scene.cpp">
      <Filter>Source Files\Manager</Filter>
    </ClCompile>
    <ClCompile Include="Time.cpp">
      <Filter>Source Files\Manager</Filter>
    </ClCompile>
    <ClCompile Include="Window.cpp">
      <Filter>Source Files\Manager</Filter>
    </ClCompile>
    <ClCompile Include="Main.cpp">
      <Filter>Source Files</Filter>
    </ClCompile>
    <ClCompile Include="VertexArray.cpp">
      <Filter>Source Files\Graphics</Filter>
    </ClCompile>
    <ClCompile Include="RendererGl.cpp">
      <Filter>Source Files\Manager</Filter>
    </ClCompile>
    <ClCompile Include="Shader.cpp">
      <Filter>Source Files\Graphics</Filter>
    </ClCompile>
    <ClCompile Include="ShaderProgram.cpp">
      <Filter>Source Files\Manager</Filter>
    </ClCompile>
    <ClCompile Include="Pong.cpp">
      <Filter>Source Files\Content\Pong</Filter>
    </ClCompile>
    <ClCompile Include="PongBall.cpp">
      <Filter>Source Files\Content\Pong</Filter>
    </ClCompile>
    <ClCompile Include="Platformer.cpp">
      <Filter>Source Files\Content\Platformer</Filter>
    </ClCompile>
    <ClCompile Include="TheWallA.cpp">
      <Filter>Source Files\Content\Platformer</Filter>
    </ClCompile>
    <ClCompile Include="GlTestScene.cpp">
      <Filter>Source Files\Content\OpenGlTest</Filter>
    </ClCompile>
    <ClCompile Include="PlaneTextureOpenGlA.cpp">
      <Filter>Source Files\Content\OpenGlTest</Filter>
    </ClCompile>
    <ClCompile Include="Vector2.cpp">
      <Filter>Source Files\Parameter\Vector</Filter>
    </ClCompile>
    <ClCompile Include="Vector3.cpp">
      <Filter>Source Files\Parameter\Vector</Filter>
    </ClCompile>
    <ClCompile Include="Vector4.cpp">
      <Filter>Source Files\Parameter\Vector</Filter>
    </ClCompile>
    <ClCompile Include="Matrix4.cpp">
      <Filter>Source Files\Parameter\Matrix</Filter>
    </ClCompile>
    <ClCompile Include="Matrix4Row.cpp">
      <Filter>Source Files\Parameter\Matrix</Filter>
    </ClCompile>
    <ClCompile Include="Quaternion.cpp">
      <Filter>Source Files\Parameter\Matrix</Filter>
    </ClCompile>
    <ClCompile Include="Mesh.cpp">
      <Filter>Source Files\Graphics</Filter>
    </ClCompile>
    <ClCompile Include="MeshC.cpp">
      <Filter>Source Files\Component</Filter>
    </ClCompile>
    <ClCompile Include="CubeTestA.cpp">
      <Filter>Source Files\Content\OpenGlTest</Filter>
    </ClCompile>
    <ClCompile Include="PlayerController.cpp">
      <Filter>Source Files\Patern</Filter>
    </ClCompile>
    <ClCompile Include="CameraA.cpp">
      <Filter>Source Files\Patern</Filter>
    </ClCompile>
    <ClCompile Include="FPSController.cpp">
      <Filter>Source Files\Patern</Filter>
    </ClCompile>
    <ClCompile Include="DeathAngelA.cpp">
      <Filter>Source Files\Content\Platformer</Filter>
    </ClCompile>
    <ClCompile Include="SphereTestA.cpp">
      <Filter>Source Files\Content\OpenGlTest</Filter>
    </ClCompile>
    <ClCompile Include="BoxCollider3DC.cpp">
      <Filter>Source Files\Component</Filter>
    </ClCompile>
    <ClCompile Include="BowlingBallA.cpp">
      <Filter>Source Files\Content\Bowling</Filter>
    </ClCompile>
    <ClCompile Include="BowlingBallVisualA.cpp">
      <Filter>Source Files\Content\Bowling</Filter>
    </ClCompile>
    <ClCompile Include="BowlingControllerC.cpp">
      <Filter>Source Files\Content\Bowling</Filter>
    </ClCompile>
    <ClCompile Include="BowlingScene.cpp">
      <Filter>Source Files\Content\Bowling</Filter>
    </ClCompile>
    <ClCompile Include="CameraBowlingA.cpp">
      <Filter>Source Files\Content\Bowling</Filter>
    </ClCompile>
    <ClCompile Include="BowlingHudA.cpp">
      <Filter>Source Files\Content\Bowling</Filter>
    </ClCompile>
    <ClCompile Include="BowlingBorderA.cpp">
      <Filter>Source Files\Content\Bowling</Filter>
    </ClCompile>
    <ClCompile Include="BowlingPathA.cpp">
      <Filter>Source Files\Content\Bowling</Filter>
    </ClCompile>
    <ClCompile Include="PinA.cpp">
      <Filter>Source Files\Content\Bowling</Filter>
    </ClCompile>
    <ClCompile Include="SetOfPinA.cpp">
      <Filter>Source Files\Content\Bowling</Filter>
    </ClCompile>
    <ClCompile Include="BoxCollider3DBowlingC.cpp">
      <Filter>Source Files\Content\Bowling</Filter>
    </ClCompile>
    <ClCompile Include="BowlingUISkinA.cpp">
      <Filter>Source Files\Content\Bowling</Filter>
    </ClCompile>
    <ClCompile Include="OpenGlPictureA.cpp">
      <Filter>Source Files\Content\OpenGlTest</Filter>
    </ClCompile>
    <ClCompile Include="DrawTextGL.cpp">
      <Filter>Source Files</Filter>
    </ClCompile>
    <ClCompile Include="Corridor.cpp">
      <Filter>Source Files</Filter>
    </ClCompile>
  </ItemGroup>
  <ItemGroup>
    <ClInclude Include="AnimatedSpriteC.h">
      <Filter>Header Files\Component</Filter>
    </ClInclude>
    <ClInclude Include="BoxCollider2DC.h">
      <Filter>Header Files\Component</Filter>
    </ClInclude>
    <ClInclude Include="MovingC.h">
      <Filter>Header Files\Component</Filter>
    </ClInclude>
    <ClInclude Include="SpriteC.h">
      <Filter>Header Files\Component</Filter>
    </ClInclude>
    <ClInclude Include="BigBool.h">
      <Filter>Header Files\Parameter</Filter>
    </ClInclude>
    <ClInclude Include="Transform.h">
      <Filter>Header Files\Parameter</Filter>
    </ClInclude>
    <ClInclude Include="Color.h">
      <Filter>Header Files\Graphics</Filter>
    </ClInclude>
    <ClInclude Include="Rectangle.h">
      <Filter>Header Files\Graphics</Filter>
    </ClInclude>
    <ClInclude Include="Texture.h">
      <Filter>Header Files\Graphics</Filter>
    </ClInclude>
    <ClInclude Include="Actor.h">
      <Filter>Header Files\Manager</Filter>
    </ClInclude>
    <ClInclude Include="Asset.h">
      <Filter>Header Files\Manager</Filter>
    </ClInclude>
    <ClInclude Include="Components.h">
      <Filter>Header Files\Manager</Filter>
    </ClInclude>
    <ClInclude Include="Game.h">
      <Filter>Header Files\Manager</Filter>
    </ClInclude>
    <ClInclude Include="Log.h">
      <Filter>Header Files\Manager</Filter>
    </ClInclude>
    <ClInclude Include="Maths.h">
      <Filter>Header Files\Parameter</Filter>
    </ClInclude>
    <ClInclude Include="RendererSDL.h">
      <Filter>Header Files\Manager</Filter>
    </ClInclude>
    <ClInclude Include="Scene.h">
      <Filter>Header Files\Manager</Filter>
    </ClInclude>
    <ClInclude Include="Time.h">
      <Filter>Header Files\Manager</Filter>
    </ClInclude>
    <ClInclude Include="Window.h">
      <Filter>Header Files\Manager</Filter>
    </ClInclude>
    <ClInclude Include="IInputListener.h">
      <Filter>Header Files\Input</Filter>
    </ClInclude>
    <ClInclude Include="InputEvent.h">
      <Filter>Header Files\Input</Filter>
    </ClInclude>
    <ClInclude Include="InputManager.h">
      <Filter>Header Files\Input</Filter>
    </ClInclude>
    <ClInclude Include="IRenderer.h">
      <Filter>Header Files\Manager</Filter>
    </ClInclude>
    <ClInclude Include="VertexArray.h">
      <Filter>Header Files\Graphics</Filter>
    </ClInclude>
    <ClInclude Include="RendererGl.h">
      <Filter>Header Files\Manager</Filter>
    </ClInclude>
    <ClInclude Include="Shader.h">
      <Filter>Header Files\Graphics</Filter>
    </ClInclude>
    <ClInclude Include="ShaderProgram.h">
      <Filter>Header Files\Manager</Filter>
    </ClInclude>
    <ClInclude Include="Pong.h">
      <Filter>Header Files\Content\Pong</Filter>
    </ClInclude>
    <ClInclude Include="PongBall.h">
      <Filter>Header Files\Content\Pong</Filter>
    </ClInclude>
    <ClInclude Include="Paddle.h">
      <Filter>Header Files\Content\Pong</Filter>
    </ClInclude>
    <ClInclude Include="Platformer.h">
      <Filter>Header Files\Content\Platformer</Filter>
    </ClInclude>
    <ClInclude Include="TheWallA.h">
      <Filter>Header Files\Content\Platformer</Filter>
    </ClInclude>
    <ClInclude Include="GlTestScene.h">
      <Filter>Header Files\Content\OpenGlTest</Filter>
    </ClInclude>
    <ClInclude Include="PlaneTextureOpenGlA.h">
      <Filter>Header Files\Content\OpenGlTest</Filter>
    </ClInclude>
    <ClInclude Include="Vector2.h">
      <Filter>Header Files\Parameter\Vector</Filter>
    </ClInclude>
    <ClInclude Include="Vector3.h">
      <Filter>Header Files\Parameter\Vector</Filter>
    </ClInclude>
    <ClInclude Include="Vector4.h">
      <Filter>Header Files\Parameter\Vector</Filter>
    </ClInclude>
    <ClInclude Include="Matrix4.h">
      <Filter>Header Files\Parameter\Matrix</Filter>
    </ClInclude>
    <ClInclude Include="Matrix4Row.h">
      <Filter>Header Files\Parameter\Matrix</Filter>
    </ClInclude>
    <ClInclude Include="Quaternion.h">
      <Filter>Header Files\Parameter\Matrix</Filter>
    </ClInclude>
    <ClInclude Include="Mesh.h">
      <Filter>Header Files\Graphics</Filter>
    </ClInclude>
    <ClInclude Include="MeshC.h">
      <Filter>Header Files\Component</Filter>
    </ClInclude>
    <ClInclude Include="CubeTestA.h">
      <Filter>Header Files\Content\OpenGlTest</Filter>
    </ClInclude>
    <ClInclude Include="PlayerController.h">
      <Filter>Header Files\Patern</Filter>
    </ClInclude>
    <ClInclude Include="tiny_obj_loader.h">
      <Filter>Header Files\Graphics</Filter>
    </ClInclude>
    <ClInclude Include="CameraA.h">
      <Filter>Header Files\Patern</Filter>
    </ClInclude>
    <ClInclude Include="FPSController.h">
      <Filter>Header Files\Patern</Filter>
    </ClInclude>
    <ClInclude Include="SphereTestA.h">
      <Filter>Header Files\Content\OpenGlTest</Filter>
    </ClInclude>
    <ClInclude Include="DeathAngelA.h">
      <Filter>Header Files\Content\Platformer</Filter>
    </ClInclude>
    <ClInclude Include="BoxCollider3DC.h">
      <Filter>Header Files\Component</Filter>
    </ClInclude>
    <ClInclude Include="BowlingBallA.h">
      <Filter>Header Files\Content\Bowling</Filter>
    </ClInclude>
    <ClInclude Include="BowlingBallVisualA.h">
      <Filter>Header Files\Content\Bowling</Filter>
    </ClInclude>
    <ClInclude Include="BowlingControllerC.h">
      <Filter>Header Files\Content\Bowling</Filter>
    </ClInclude>
    <ClInclude Include="BowlingScene.h">
      <Filter>Header Files\Content\Bowling</Filter>
    </ClInclude>
    <ClInclude Include="BowlingHudA.h">
      <Filter>Header Files\Content\Bowling</Filter>
    </ClInclude>
    <ClInclude Include="CameraBowlingA.h">
      <Filter>Header Files\Content\Bowling</Filter>
    </ClInclude>
    <ClInclude Include="BowlingBorderA.h">
      <Filter>Header Files\Content\Bowling</Filter>
    </ClInclude>
    <ClInclude Include="BowlingPathA.h">
      <Filter>Header Files\Content\Bowling</Filter>
    </ClInclude>
    <ClInclude Include="PinA.h">
      <Filter>Header Files\Content\Bowling</Filter>
    </ClInclude>
    <ClInclude Include="SetOfPinA.h">
      <Filter>Header Files\Content\Bowling</Filter>
    </ClInclude>
    <ClInclude Include="BoxCollider3DBowlingC.h">
      <Filter>Header Files\Content\Bowling</Filter>
    </ClInclude>
    <ClInclude Include="BowlingUISkinA.h">
      <Filter>Header Files\Content\Bowling</Filter>
    </ClInclude>
    <ClInclude Include="OpenGlPictureA.h">
      <Filter>Header Files\Content\OpenGlTest</Filter>
    </ClInclude>
    <ClInclude Include="resource.h">
      <Filter>Header Files\Manager</Filter>
    </ClInclude>
    <ClInclude Include="gltext.h">
      <Filter>Header Files</Filter>
    </ClInclude>
    <ClInclude Include="DrawTextGL.h">
      <Filter>Header Files</Filter>
    </ClInclude>
    <ClInclude Include="Corridor.h">
      <Filter>Header Files</Filter>
    </ClInclude>
  </ItemGroup>
  <ItemGroup>
    <None Include="SimpleFrag.shader">
      <Filter>Shader</Filter>
    </None>
    <None Include="SimpleVert.shader">
      <Filter>Shader</Filter>
    </None>
    <None Include="SpriteFrag.shader">
      <Filter>Shader</Filter>
    </None>
    <None Include="SpriteVert.shader">
      <Filter>Shader</Filter>
    </None>
    <None Include="TransformVert.shader">
      <Filter>Shader</Filter>
    </None>
    <None Include="BasicFrag.shader">
      <Filter>Shader</Filter>
    </None>
    <None Include="BasicVert.shader">
      <Filter>Shader</Filter>
    </None>
  </ItemGroup>
</Project>